
Microsoft Visual Studio Solution File, Format Version 12.00
# Visual Studio Version 16
VisualStudioVersion = 16.0.31911.196
MinimumVisualStudioVersion = 10.0.40219.1
Project("{FAE04EC0-301F-11D3-BF4B-00C04F79EFBC}") = "Lab8_1_2", "Lab8_1_2\Lab8_1_2.csproj", "{6C86069D-D04A-474C-A9A8-FE80CFE3CACA}"
EndProject
Global
	GlobalSection(SolutionConfigurationPlatforms) = preSolution
		Debug|Any CPU = Debug|Any CPU
		Release|Any CPU = Release|Any CPU
	EndGlobalSection
	GlobalSection(ProjectConfigurationPlatforms) = postSolution
		{6C86069D-D04A-474C-A9A8-FE80CFE3CACA}.Debug|Any CPU.ActiveCfg = Debug|Any CPU
		{6C86069D-D04A-474C-A9A8-FE80CFE3CACA}.Debug|Any CPU.Build.0 = Debug|Any CPU
		{6C86069D-D04A-474C-A9A8-FE80CFE3CACA}.Release|Any CPU.ActiveCfg = Release|Any CPU
		{6C86069D-D04A-474C-A9A8-FE80CFE3CACA}.Release|Any CPU.Build.0 = Release|Any CPU
	EndGlobalSection
	GlobalSection(SolutionProperties) = preSolution
		HideSolutionNode = FALSE
	EndGlobalSection
	GlobalSection(ExtensibilityGlobals) = postSolution
		SolutionGuid = {19CC5FE9-60A3-4169-86BC-D17B33FA1719}
	EndGlobalSection
EndGlobal
